
Microsoft Visual Studio Solution File, Format Version 12.00
# Visual Studio 2012
Project("{FAE04EC0-301F-11D3-BF4B-00C04F79EFBC}") = "LibUsbDotNet", "Components\LibWinUsb\LibUsbDotNet.csproj", "{0A78F6FF-5586-4052-8104-E23FF83A7CE1}"
EndProject
Project("{FAE04EC0-301F-11D3-BF4B-00C04F79EFBC}") = "HidSharp", "Components\HidSharp\HidSharp.csproj", "{0DB86674-2A7B-4BDC-93C1-3F7DC771426C}"
EndProject
Project("{FAE04EC0-301F-11D3-BF4B-00C04F79EFBC}") = "BlinkStickDotNet", "BlinkStickDotNet\BlinkStickDotNet.csproj", "{7AAEBEBE-E38D-47B1-A04C-A055DCEB0757}"
EndProject
Project("{2150E333-8FDC-42A3-9474-1A3956D46DE8}") = "Examples", "Examples", "{E9CD0471-DE68-4F37-91A5-9ECD760F01AE}"
EndProject
Project("{2150E333-8FDC-42A3-9474-1A3956D46DE8}") = "BlinkStick", "BlinkStick", "{17C84E65-0D70-4312-8033-D055F86146A3}"
EndProject
Project("{FAE04EC0-301F-11D3-BF4B-00C04F79EFBC}") = "BlinkTest", "Examples\BlinkStick\BlinkTest\BlinkTest.csproj", "{84F24818-696F-4739-8D43-15CEDCCB517E}"
EndProject
Project("{FAE04EC0-301F-11D3-BF4B-00C04F79EFBC}") = "FindBySerial", "Examples\BlinkStick\FindBySerial\FindBySerial.csproj", "{850D0A4D-5DDF-46BB-A8B8-3C74E94875EA}"
EndProject
Project("{FAE04EC0-301F-11D3-BF4B-00C04F79EFBC}") = "GetInfo", "Examples\BlinkStick\GetInfo\GetInfo.csproj", "{BE6C3C99-3ECE-4D21-A673-151867345B74}"
EndProject
Project("{FAE04EC0-301F-11D3-BF4B-00C04F79EFBC}") = "MorphTest", "Examples\BlinkStick\MorphTest\MorphTest.csproj", "{9E974C01-06CC-4AE9-9341-5B3A42EB6F78}"
EndProject
Project("{FAE04EC0-301F-11D3-BF4B-00C04F79EFBC}") = "PulseTest", "Examples\BlinkStick\PulseTest\PulseTest.csproj", "{F570009D-7E5A-48F3-90E9-33AB8E512447}"
EndProject
Project("{FAE04EC0-301F-11D3-BF4B-00C04F79EFBC}") = "SetRandomColor", "Examples\BlinkStick\SetRandomColor\SetRandomColor.csproj", "{8187B197-5226-4A0D-8716-CE60DBE439BF}"
EndProject
Project("{FAE04EC0-301F-11D3-BF4B-00C04F79EFBC}") = "TurnOff", "Examples\BlinkStick\TurnOff\TurnOff.csproj", "{E1C6B2F8-45E3-490D-B3D1-750ACBAD76F5}"
EndProject
Project("{FAE04EC0-301F-11D3-BF4B-00C04F79EFBC}") = "MonitorTest", "Examples\BlinkStick\MonitorTest\MonitorTest.csproj", "{F48BE451-412A-4AF9-8A47-CFECC578C54A}"
EndProject
Project("{2150E333-8FDC-42A3-9474-1A3956D46DE8}") = "BlinkStickPro", "BlinkStickPro", "{1C9FD0B2-C8A2-4B6A-9288-5B6D2E00DED4}"
EndProject
Project("{FAE04EC0-301F-11D3-BF4B-00C04F79EFBC}") = "IndexedColorFrame", "Examples\BlinkStickPro\IndexedColorFrame\IndexedColorFrame.csproj", "{61527D2E-C94F-4EA5-8725-02EA6247EB8B}"
EndProject
Project("{FAE04EC0-301F-11D3-BF4B-00C04F79EFBC}") = "IndexedColors", "Examples\BlinkStickPro\IndexedColors\IndexedColors.csproj", "{725BBC2C-A4D3-4F67-ACC8-C65D92A3ECFE}"
EndProject
Global
	GlobalSection(SolutionConfigurationPlatforms) = preSolution
		Debug|x86 = Debug|x86
		Release|x86 = Release|x86
	EndGlobalSection
	GlobalSection(ProjectConfigurationPlatforms) = postSolution
		{0A78F6FF-5586-4052-8104-E23FF83A7CE1}.Debug|x86.ActiveCfg = Debug|x86
		{0A78F6FF-5586-4052-8104-E23FF83A7CE1}.Debug|x86.Build.0 = Debug|x86
		{0A78F6FF-5586-4052-8104-E23FF83A7CE1}.Release|x86.ActiveCfg = Release|x86
		{0A78F6FF-5586-4052-8104-E23FF83A7CE1}.Release|x86.Build.0 = Release|x86
		{0DB86674-2A7B-4BDC-93C1-3F7DC771426C}.Debug|x86.ActiveCfg = Debug|Any CPU
		{0DB86674-2A7B-4BDC-93C1-3F7DC771426C}.Debug|x86.Build.0 = Debug|Any CPU
		{0DB86674-2A7B-4BDC-93C1-3F7DC771426C}.Release|x86.ActiveCfg = Release|Any CPU
		{0DB86674-2A7B-4BDC-93C1-3F7DC771426C}.Release|x86.Build.0 = Release|Any CPU
		{61527D2E-C94F-4EA5-8725-02EA6247EB8B}.Debug|x86.ActiveCfg = Debug|x86
		{61527D2E-C94F-4EA5-8725-02EA6247EB8B}.Debug|x86.Build.0 = Debug|x86
		{61527D2E-C94F-4EA5-8725-02EA6247EB8B}.Release|x86.ActiveCfg = Release|x86
		{61527D2E-C94F-4EA5-8725-02EA6247EB8B}.Release|x86.Build.0 = Release|x86
		{725BBC2C-A4D3-4F67-ACC8-C65D92A3ECFE}.Debug|x86.ActiveCfg = Debug|x86
		{725BBC2C-A4D3-4F67-ACC8-C65D92A3ECFE}.Debug|x86.Build.0 = Debug|x86
		{725BBC2C-A4D3-4F67-ACC8-C65D92A3ECFE}.Release|x86.ActiveCfg = Release|x86
		{725BBC2C-A4D3-4F67-ACC8-C65D92A3ECFE}.Release|x86.Build.0 = Release|x86
		{7AAEBEBE-E38D-47B1-A04C-A055DCEB0757}.Debug|x86.ActiveCfg = Debug|Any CPU
		{7AAEBEBE-E38D-47B1-A04C-A055DCEB0757}.Debug|x86.Build.0 = Debug|Any CPU
		{7AAEBEBE-E38D-47B1-A04C-A055DCEB0757}.Release|x86.ActiveCfg = Release|Any CPU
		{7AAEBEBE-E38D-47B1-A04C-A055DCEB0757}.Release|x86.Build.0 = Release|Any CPU
		{8187B197-5226-4A0D-8716-CE60DBE439BF}.Debug|x86.ActiveCfg = Debug|x86
		{8187B197-5226-4A0D-8716-CE60DBE439BF}.Debug|x86.Build.0 = Debug|x86
		{8187B197-5226-4A0D-8716-CE60DBE439BF}.Release|x86.ActiveCfg = Release|x86
		{8187B197-5226-4A0D-8716-CE60DBE439BF}.Release|x86.Build.0 = Release|x86
		{84F24818-696F-4739-8D43-15CEDCCB517E}.Debug|x86.ActiveCfg = Debug|x86
		{84F24818-696F-4739-8D43-15CEDCCB517E}.Debug|x86.Build.0 = Debug|x86
		{84F24818-696F-4739-8D43-15CEDCCB517E}.Release|x86.ActiveCfg = Release|x86
		{84F24818-696F-4739-8D43-15CEDCCB517E}.Release|x86.Build.0 = Release|x86
		{850D0A4D-5DDF-46BB-A8B8-3C74E94875EA}.Debug|x86.ActiveCfg = Debug|x86
		{850D0A4D-5DDF-46BB-A8B8-3C74E94875EA}.Debug|x86.Build.0 = Debug|x86
		{850D0A4D-5DDF-46BB-A8B8-3C74E94875EA}.Release|x86.ActiveCfg = Release|x86
		{850D0A4D-5DDF-46BB-A8B8-3C74E94875EA}.Release|x86.Build.0 = Release|x86
		{9E974C01-06CC-4AE9-9341-5B3A42EB6F78}.Debug|x86.ActiveCfg = Debug|x86
		{9E974C01-06CC-4AE9-9341-5B3A42EB6F78}.Debug|x86.Build.0 = Debug|x86
		{9E974C01-06CC-4AE9-9341-5B3A42EB6F78}.Release|x86.ActiveCfg = Release|x86
		{9E974C01-06CC-4AE9-9341-5B3A42EB6F78}.Release|x86.Build.0 = Release|x86
		{BE6C3C99-3ECE-4D21-A673-151867345B74}.Debug|x86.ActiveCfg = Debug|x86
		{BE6C3C99-3ECE-4D21-A673-151867345B74}.Debug|x86.Build.0 = Debug|x86
		{BE6C3C99-3ECE-4D21-A673-151867345B74}.Release|x86.ActiveCfg = Release|x86
		{BE6C3C99-3ECE-4D21-A673-151867345B74}.Release|x86.Build.0 = Release|x86
		{E1C6B2F8-45E3-490D-B3D1-750ACBAD76F5}.Debug|x86.ActiveCfg = Debug|x86
		{E1C6B2F8-45E3-490D-B3D1-750ACBAD76F5}.Debug|x86.Build.0 = Debug|x86
		{E1C6B2F8-45E3-490D-B3D1-750ACBAD76F5}.Release|x86.ActiveCfg = Release|x86
		{E1C6B2F8-45E3-490D-B3D1-750ACBAD76F5}.Release|x86.Build.0 = Release|x86
		{F48BE451-412A-4AF9-8A47-CFECC578C54A}.Debug|x86.ActiveCfg = Debug|x86
		{F48BE451-412A-4AF9-8A47-CFECC578C54A}.Debug|x86.Build.0 = Debug|x86
		{F48BE451-412A-4AF9-8A47-CFECC578C54A}.Release|x86.ActiveCfg = Release|x86
		{F48BE451-412A-4AF9-8A47-CFECC578C54A}.Release|x86.Build.0 = Release|x86
		{F570009D-7E5A-48F3-90E9-33AB8E512447}.Debug|x86.ActiveCfg = Debug|x86
		{F570009D-7E5A-48F3-90E9-33AB8E512447}.Debug|x86.Build.0 = Debug|x86
		{F570009D-7E5A-48F3-90E9-33AB8E512447}.Release|x86.ActiveCfg = Release|x86
		{F570009D-7E5A-48F3-90E9-33AB8E512447}.Release|x86.Build.0 = Release|x86
	EndGlobalSection
	GlobalSection(NestedProjects) = preSolution
		{17C84E65-0D70-4312-8033-D055F86146A3} = {E9CD0471-DE68-4F37-91A5-9ECD760F01AE}
		{1C9FD0B2-C8A2-4B6A-9288-5B6D2E00DED4} = {E9CD0471-DE68-4F37-91A5-9ECD760F01AE}
		{84F24818-696F-4739-8D43-15CEDCCB517E} = {17C84E65-0D70-4312-8033-D055F86146A3}
		{850D0A4D-5DDF-46BB-A8B8-3C74E94875EA} = {17C84E65-0D70-4312-8033-D055F86146A3}
		{BE6C3C99-3ECE-4D21-A673-151867345B74} = {17C84E65-0D70-4312-8033-D055F86146A3}
		{9E974C01-06CC-4AE9-9341-5B3A42EB6F78} = {17C84E65-0D70-4312-8033-D055F86146A3}
		{F570009D-7E5A-48F3-90E9-33AB8E512447} = {17C84E65-0D70-4312-8033-D055F86146A3}
		{8187B197-5226-4A0D-8716-CE60DBE439BF} = {17C84E65-0D70-4312-8033-D055F86146A3}
		{E1C6B2F8-45E3-490D-B3D1-750ACBAD76F5} = {17C84E65-0D70-4312-8033-D055F86146A3}
		{F48BE451-412A-4AF9-8A47-CFECC578C54A} = {17C84E65-0D70-4312-8033-D055F86146A3}
		{61527D2E-C94F-4EA5-8725-02EA6247EB8B} = {1C9FD0B2-C8A2-4B6A-9288-5B6D2E00DED4}
		{725BBC2C-A4D3-4F67-ACC8-C65D92A3ECFE} = {1C9FD0B2-C8A2-4B6A-9288-5B6D2E00DED4}
	EndGlobalSection
	GlobalSection(MonoDevelopProperties) = preSolution
		StartupItem = Examples\BlinkStick\MonitorTest\MonitorTest.csproj
	EndGlobalSection
EndGlobal
